{
  "name": "google-protobuf-conformance",
  "lockfileVersion": 3,
  "requires": true,
  "packages": {
    "": {
      "name": "google-protobuf-conformance",
      "dependencies": {
        "@protocolbuffers/protoc-gen-js": "^4.0.2",
        "google-protobuf": "^4.0.2"
      },
      "devDependencies": {
        "@bufbuild/buf": "^1.72.0"
      }
    },
    "node_modules/@bufbuild/buf": {
      "version": "1.72.0",
      "resolved": "https://registry.npmjs.org/@bufbuild/buf/-/buf-1.72.0.tgz",
      "integrity": "sha512-BwBKTX/WXkhAhqWJGrEKnqU03/4tK1O0OozSlwUMBCOEo8pLL3xu3M24RT3+umExEeM0wjlANO6axqGWMqtt4Q==",
      "dev": true,
      "hasInstallScript": true,
      "license": "Apache-2.0",
      "bin": {
        "buf": "bin/buf",
        "protoc-gen-buf-breaking": "bin/protoc-gen-buf-breaking",
        "protoc-gen-buf-lint": "bin/protoc-gen-buf-lint"
      },
      "engines": {
        "node": ">=12"
      },
      "optionalDependencies": {
        "@bufbuild/buf-darwin-arm64": "1.72.0",
        "@bufbuild/buf-darwin-x64": "1.72.0",
        "@bufbuild/buf-linux-aarch64": "1.72.0",
        "@bufbuild/buf-linux-armv7": "1.72.0",
        "@bufbuild/buf-linux-x64": "1.72.0",
        "@bufbuild/buf-win32-arm64": "1.72.0",
        "@bufbuild/buf-win32-x64": "1.72.0"
      }
    },
    "node_modules/@bufbuild/buf-darwin-arm64": {
      "version": "1.72.0",
      "resolved": "https://registry.npmjs.org/@bufbuild/buf-darwin-arm64/-/buf-darwin-arm64-1.72.0.tgz",
      "integrity": "sha512-rKHRvjwAThapxIoOn92vIoTjYSz5FmRemDRLU4BYT4T6QWMEC13PM3/pPnqVgsNKZ5aW7iYDm9ztnisEqSi5yA==",
      "cpu": [
        "arm64"
      ],
      "dev": true,
      "license": "Apache-2.0",
      "optional": true,
      "os": [
        "darwin"
      ],
      "engines": {
        "node": ">=12"
      }
    },
    "node_modules/@bufbuild/buf-darwin-x64": {
      "version": "1.72.0",
      "resolved": "https://registry.npmjs.org/@bufbuild/buf-darwin-x64/-/buf-darwin-x64-1.72.0.tgz",
      "integrity": "sha512-4TQ1AGft8sGspNg9NMsEjsKKis7nGaVV8tZLnNa3cKUBmx22gwOnB6VRhgKWwjf+BDqr85lUEzQ6wHCboNUutg==",
      "cpu": [
        "x64"
      ],
      "dev": true,
      "license": "Apache-2.0",
      "optional": true,
      "os": [
        "darwin"
      ],
      "engines": {
        "node": ">=12"
      }
    },
    "node_modules/@bufbuild/buf-linux-aarch64": {
      "version": "1.72.0",
      "resolved": "https://registry.npmjs.org/@bufbuild/buf-linux-aarch64/-/buf-linux-aarch64-1.72.0.tgz",
      "integrity": "sha512-cbIsUcgM5bHhbZWcDaAXqaYOAi8N0c0u+NiDydwVmZ04Et3s1EZ3TDqfQDRzwvoBPDP+lsO6YuTRXX6nI28x4w==",
      "cpu": [
        "arm64"
      ],
      "dev": true,
      "license": "Apache-2.0",
      "optional": true,
      "os": [
        "linux"
      ],
      "engines": {
        "node": ">=12"
      }
    },
    "node_modules/@bufbuild/buf-linux-armv7": {
      "version": "1.72.0",
      "resolved": "https://registry.npmjs.org/@bufbuild/buf-linux-armv7/-/buf-linux-armv7-1.72.0.tgz",
      "integrity": "sha512-v/bXVsFL8YNm2HgosGb9r3+nAt4jQiUc3r3JipYuiVY3DAJZAjoEvcak6/BkxQMTEQz9Zb8gRRlule9IFkbc5g==",
      "cpu": [
        "arm"
      ],
      "dev": true,
      "license": "Apache-2.0",
      "optional": true,
      "os": [
        "linux"
      ],
      "engines": {
        "node": ">=12"
      }
    },
    "node_modules/@bufbuild/buf-linux-x64": {
      "version": "1.72.0",
      "resolved": "https://registry.npmjs.org/@bufbuild/buf-linux-x64/-/buf-linux-x64-1.72.0.tgz",
      "integrity": "sha512-4xHGXEjqFxo1wX1zMGq4CzhYt5++nrj4C7k30j+YmGtvqCnipfdSe+V6kknBYRfYswVZEUwUbQOh6pnMTcGcrA==",
      "cpu": [
        "x64"
      ],
      "dev": true,
      "license": "Apache-2.0",
      "optional": true,
      "os": [
        "linux"
      ],
      "engines": {
        "node": ">=12"
      }
    },
    "node_modules/@bufbuild/buf-win32-arm64": {
      "version": "1.72.0",
      "resolved": "https://registry.npmjs.org/@bufbuild/buf-win32-arm64/-/buf-win32-arm64-1.72.0.tgz",
      "integrity": "sha512-WH7ClsoB9A0e/5fFhx0DLqLzillYPRdHBhlwzihgvjGci0bBdyJVHSQGf0B9uspCMU6sn6W/N1S9/2vvQBNMug==",
      "cpu": [
        "arm64"
      ],
      "dev": true,
      "license": "Apache-2.0",
      "optional": true,
      "os": [
        "win32"
      ],
      "engines": {
        "node": ">=12"
      }
    },
    "node_modules/@bufbuild/buf-win32-x64": {
      "version": "1.72.0",
      "resolved": "https://registry.npmjs.org/@bufbuild/buf-win32-x64/-/buf-win32-x64-1.72.0.tgz",
      "integrity": "sha512-X3eWqFzhDmu8CYQZz+Fu7i+PgH+yUl8UwJ5+x+bhZRYAIdcijikthodk60c5u/qq42m1Z2XAnAGyp/mTf7IffA==",
      "cpu": [
        "x64"
      ],
      "dev": true,
      "license": "Apache-2.0",
      "optional": true,
      "os": [
        "win32"
      ],
      "engines": {
        "node": ">=12"
      }
    },
    "node_modules/@protocolbuffers/protoc-gen-js": {
      "version": "4.0.2",
      "resolved": "https://registry.npmjs.org/@protocolbuffers/protoc-gen-js/-/protoc-gen-js-4.0.2.tgz",
      "integrity": "sha512-7uAIzWWFB3H+6MWhhGJ4pej5UPaBOZnkjwMUA8ekLXP04O/r6pMxylx/apaOybZGdpmSKE61JrOr6sYos3bdFQ==",
      "hasInstallScript": true,
      "license": "BSD-3-Clause",
      "dependencies": {
        "adm-zip": "^0.5.16"
      },
      "bin": {
        "protoc-gen-js": "cli.js"
      },
      "engines": {
        "node": ">=18.0.0"
      }
    },
    "node_modules/adm-zip": {
      "version": "0.5.16",
      "resolved": "https://registry.npmjs.org/adm-zip/-/adm-zip-0.5.16.tgz",
      "integrity": "sha512-TGw5yVi4saajsSEgz25grObGHEUaDrniwvA2qwSC060KfqGPdglhvPMA2lPIoxs3PQIItj2iag35fONcQqgUaQ==",
      "license": "MIT",
      "engines": {
        "node": ">=12.0"
      }
    },
    "node_modules/google-protobuf": {
      "version": "4.0.2",
      "resolved": "https://registry.npmjs.org/google-protobuf/-/google-protobuf-4.0.2.tgz",
      "integrity": "sha512-yD2fqbNgvJPuQwdKJiPdbUcXveNRxgqy070gzsBsCyFJA8Qdj9oxa9xtkddb/JEhcDk0RD5SfGUWg+nhINfMxA==",
      "license": "(BSD-3-Clause AND Apache-2.0)"
    }
  }
}
