{
  "name": "google-protobuf-conformance",
  "lockfileVersion": 3,
  "requires": true,
  "packages": {
    "": {
      "name": "google-protobuf-conformance",
      "dependencies": {
        "@protocolbuffers/protoc-gen-js": "^4.0.2",
        "google-protobuf": "^4.0.2"
      },
      "devDependencies": {
        "@bufbuild/buf": "^1.71.0"
      }
    },
    "node_modules/@bufbuild/buf": {
      "version": "1.71.0",
      "resolved": "https://registry.npmjs.org/@bufbuild/buf/-/buf-1.71.0.tgz",
      "integrity": "sha512-GDcjBCwLgHT/4nX4YSnYatZ7sDZDpHV6dxQvoT2/P6gKvV23O6hl8NryzLIRKmeau0FRXpQKHVy1dMfnBSpy+w==",
      "dev": true,
      "hasInstallScript": true,
      "license": "Apache-2.0",
      "bin": {
        "buf": "bin/buf",
        "protoc-gen-buf-breaking": "bin/protoc-gen-buf-breaking",
        "protoc-gen-buf-lint": "bin/protoc-gen-buf-lint"
      },
      "engines": {
        "node": ">=12"
      },
      "optionalDependencies": {
        "@bufbuild/buf-darwin-arm64": "1.71.0",
        "@bufbuild/buf-darwin-x64": "1.71.0",
        "@bufbuild/buf-linux-aarch64": "1.71.0",
        "@bufbuild/buf-linux-armv7": "1.71.0",
        "@bufbuild/buf-linux-x64": "1.71.0",
        "@bufbuild/buf-win32-arm64": "1.71.0",
        "@bufbuild/buf-win32-x64": "1.71.0"
      }
    },
    "node_modules/@bufbuild/buf-darwin-arm64": {
      "version": "1.71.0",
      "resolved": "https://registry.npmjs.org/@bufbuild/buf-darwin-arm64/-/buf-darwin-arm64-1.71.0.tgz",
      "integrity": "sha512-qZ7xZQyen/jOKFPVs3dlN9pMA56PI4YEo3r4/9ixtiH9gyFgfowR31axsocUgXGThjiN8mvOA8WfpG2tvaSvsw==",
      "cpu": [
        "arm64"
      ],
      "dev": true,
      "license": "Apache-2.0",
      "optional": true,
      "os": [
        "darwin"
      ],
      "engines": {
        "node": ">=12"
      }
    },
    "node_modules/@bufbuild/buf-darwin-x64": {
      "version": "1.71.0",
      "resolved": "https://registry.npmjs.org/@bufbuild/buf-darwin-x64/-/buf-darwin-x64-1.71.0.tgz",
      "integrity": "sha512-2w95pc3X+z06/J66i6uNzA8QPuVOpbPrwyb6tkK0AcJFNvKPVYr4BxVC2koyImrQ3rxY1n9q8qviWMjSvq9fOA==",
      "cpu": [
        "x64"
      ],
      "dev": true,
      "license": "Apache-2.0",
      "optional": true,
      "os": [
        "darwin"
      ],
      "engines": {
        "node": ">=12"
      }
    },
    "node_modules/@bufbuild/buf-linux-aarch64": {
      "version": "1.71.0",
      "resolved": "https://registry.npmjs.org/@bufbuild/buf-linux-aarch64/-/buf-linux-aarch64-1.71.0.tgz",
      "integrity": "sha512-dwxErryMI3MRwtP/IgfdrqEjiAmVpttGhmO3xihiJIV2EAXt9J5yjzHhEDvnSgQ6nmNjEvO5QczcIaQjZEwF6A==",
      "cpu": [
        "arm64"
      ],
      "dev": true,
      "license": "Apache-2.0",
      "optional": true,
      "os": [
        "linux"
      ],
      "engines": {
        "node": ">=12"
      }
    },
    "node_modules/@bufbuild/buf-linux-armv7": {
      "version": "1.71.0",
      "resolved": "https://registry.npmjs.org/@bufbuild/buf-linux-armv7/-/buf-linux-armv7-1.71.0.tgz",
      "integrity": "sha512-pfc+Qexm5C59VeRUjVmEvxkCXT5QbMR1R/CUtcSlk+spOFVwna0bSpkqIsky3kkHfzxiNSOsz3iki9/pAVX+CA==",
      "cpu": [
        "arm"
      ],
      "dev": true,
      "license": "Apache-2.0",
      "optional": true,
      "os": [
        "linux"
      ],
      "engines": {
        "node": ">=12"
      }
    },
    "node_modules/@bufbuild/buf-linux-x64": {
      "version": "1.71.0",
      "resolved": "https://registry.npmjs.org/@bufbuild/buf-linux-x64/-/buf-linux-x64-1.71.0.tgz",
      "integrity": "sha512-Y7jLxr3wpMkpQSqZU/MrDmDSCkF4GxvhIL7wnNdSRpkhYAY6TPRHN+5nNgV7jp6mQ0zQSYh0MGxBeMgt/UVdmQ==",
      "cpu": [
        "x64"
      ],
      "dev": true,
      "license": "Apache-2.0",
      "optional": true,
      "os": [
        "linux"
      ],
      "engines": {
        "node": ">=12"
      }
    },
    "node_modules/@bufbuild/buf-win32-arm64": {
      "version": "1.71.0",
      "resolved": "https://registry.npmjs.org/@bufbuild/buf-win32-arm64/-/buf-win32-arm64-1.71.0.tgz",
      "integrity": "sha512-UrxtD99zLE1qImtQC/W3a9cuj0/kB53B1bK38kmCMRFow939FhdZtqTRjbnZWauRi/pzAsjDyPCvnTa2XKT8Cg==",
      "cpu": [
        "arm64"
      ],
      "dev": true,
      "license": "Apache-2.0",
      "optional": true,
      "os": [
        "win32"
      ],
      "engines": {
        "node": ">=12"
      }
    },
    "node_modules/@bufbuild/buf-win32-x64": {
      "version": "1.71.0",
      "resolved": "https://registry.npmjs.org/@bufbuild/buf-win32-x64/-/buf-win32-x64-1.71.0.tgz",
      "integrity": "sha512-+npiOimJ7ggeLul3KFwSlOjZnAZYwt3el64dJ3nJQMnui0avyvsRmU02o1bZI5yUnBvhcnTWdEbfRXUnkkVtgQ==",
      "cpu": [
        "x64"
      ],
      "dev": true,
      "license": "Apache-2.0",
      "optional": true,
      "os": [
        "win32"
      ],
      "engines": {
        "node": ">=12"
      }
    },
    "node_modules/@protocolbuffers/protoc-gen-js": {
      "version": "4.0.2",
      "resolved": "https://registry.npmjs.org/@protocolbuffers/protoc-gen-js/-/protoc-gen-js-4.0.2.tgz",
      "integrity": "sha512-7uAIzWWFB3H+6MWhhGJ4pej5UPaBOZnkjwMUA8ekLXP04O/r6pMxylx/apaOybZGdpmSKE61JrOr6sYos3bdFQ==",
      "hasInstallScript": true,
      "license": "BSD-3-Clause",
      "dependencies": {
        "adm-zip": "^0.5.16"
      },
      "bin": {
        "protoc-gen-js": "cli.js"
      },
      "engines": {
        "node": ">=18.0.0"
      }
    },
    "node_modules/adm-zip": {
      "version": "0.5.16",
      "resolved": "https://registry.npmjs.org/adm-zip/-/adm-zip-0.5.16.tgz",
      "integrity": "sha512-TGw5yVi4saajsSEgz25grObGHEUaDrniwvA2qwSC060KfqGPdglhvPMA2lPIoxs3PQIItj2iag35fONcQqgUaQ==",
      "license": "MIT",
      "engines": {
        "node": ">=12.0"
      }
    },
    "node_modules/google-protobuf": {
      "version": "4.0.2",
      "resolved": "https://registry.npmjs.org/google-protobuf/-/google-protobuf-4.0.2.tgz",
      "integrity": "sha512-yD2fqbNgvJPuQwdKJiPdbUcXveNRxgqy070gzsBsCyFJA8Qdj9oxa9xtkddb/JEhcDk0RD5SfGUWg+nhINfMxA==",
      "license": "(BSD-3-Clause AND Apache-2.0)"
    }
  }
}
